
Microsoft Visual Studio Solution File, Format Version 12.00
# Visual Studio Version 16
VisualStudioVersion = 16.0.31205.134
MinimumVisualStudioVersion = 10.0.40219.1
Project("{FAE04EC0-301F-11D3-BF4B-00C04F79EFBC}") = "EstructuraPagina", "EstructuraPagina\EstructuraPagina.csproj", "{22147424-C3AA-4435-A3A6-3704D8F29A57}"
EndProject
Global
	GlobalSection(SolutionConfigurationPlatforms) = preSolution
		Debug|Any CPU = Debug|Any CPU
		Release|Any CPU = Release|Any CPU
	EndGlobalSection
	GlobalSection(ProjectConfigurationPlatforms) = postSolution
		{22147424-C3AA-4435-A3A6-3704D8F29A57}.Debug|Any CPU.ActiveCfg = Debug|Any CPU
		{22147424-C3AA-4435-A3A6-3704D8F29A57}.Debug|Any CPU.Build.0 = Debug|Any CPU
		{22147424-C3AA-4435-A3A6-3704D8F29A57}.Release|Any CPU.ActiveCfg = Release|Any CPU
		{22147424-C3AA-4435-A3A6-3704D8F29A57}.Release|Any CPU.Build.0 = Release|Any CPU
	EndGlobalSection
	GlobalSection(SolutionProperties) = preSolution
		HideSolutionNode = FALSE
	EndGlobalSection
	GlobalSection(ExtensibilityGlobals) = postSolution
		SolutionGuid = {7ABB270D-1FB9-4187-9882-8904B1BCA223}
	EndGlobalSection
EndGlobal
