
Microsoft Visual Studio Solution File, Format Version 12.00
# Visual Studio Version 16
VisualStudioVersion = 16.0.31205.134
MinimumVisualStudioVersion = 10.0.40219.1
Project("{FAE04EC0-301F-11D3-BF4B-00C04F79EFBC}") = "EjercicioTaTeTi", "EjercicioTaTeTi\EjercicioTaTeTi.csproj", "{A242016F-CF76-4A4C-835E-D2CC63C583E2}"
EndProject
Global
	GlobalSection(SolutionConfigurationPlatforms) = preSolution
		Debug|Any CPU = Debug|Any CPU
		Release|Any CPU = Release|Any CPU
	EndGlobalSection
	GlobalSection(ProjectConfigurationPlatforms) = postSolution
		{A242016F-CF76-4A4C-835E-D2CC63C583E2}.Debug|Any CPU.ActiveCfg = Debug|Any CPU
		{A242016F-CF76-4A4C-835E-D2CC63C583E2}.Debug|Any CPU.Build.0 = Debug|Any CPU
		{A242016F-CF76-4A4C-835E-D2CC63C583E2}.Release|Any CPU.ActiveCfg = Release|Any CPU
		{A242016F-CF76-4A4C-835E-D2CC63C583E2}.Release|Any CPU.Build.0 = Release|Any CPU
	EndGlobalSection
	GlobalSection(SolutionProperties) = preSolution
		HideSolutionNode = FALSE
	EndGlobalSection
	GlobalSection(ExtensibilityGlobals) = postSolution
		SolutionGuid = {CF1DB927-3E59-4C78-8251-FBEE3B20E3DF}
	EndGlobalSection
EndGlobal
