
Microsoft Visual Studio Solution File, Format Version 12.00
# Visual Studio Version 16
VisualStudioVersion = 16.0.31205.134
MinimumVisualStudioVersion = 10.0.40219.1
Project("{FAE04EC0-301F-11D3-BF4B-00C04F79EFBC}") = "FormularioContacto", "FormularioContacto\FormularioContacto.csproj", "{46C8306D-8C27-46DD-9AB5-54C1A87C9AA8}"
EndProject
Global
	GlobalSection(SolutionConfigurationPlatforms) = preSolution
		Debug|Any CPU = Debug|Any CPU
		Release|Any CPU = Release|Any CPU
	EndGlobalSection
	GlobalSection(ProjectConfigurationPlatforms) = postSolution
		{46C8306D-8C27-46DD-9AB5-54C1A87C9AA8}.Debug|Any CPU.ActiveCfg = Debug|Any CPU
		{46C8306D-8C27-46DD-9AB5-54C1A87C9AA8}.Debug|Any CPU.Build.0 = Debug|Any CPU
		{46C8306D-8C27-46DD-9AB5-54C1A87C9AA8}.Release|Any CPU.ActiveCfg = Release|Any CPU
		{46C8306D-8C27-46DD-9AB5-54C1A87C9AA8}.Release|Any CPU.Build.0 = Release|Any CPU
	EndGlobalSection
	GlobalSection(SolutionProperties) = preSolution
		HideSolutionNode = FALSE
	EndGlobalSection
	GlobalSection(ExtensibilityGlobals) = postSolution
		SolutionGuid = {F260CCC7-AF6C-48FD-9299-68DDEDAF5452}
	EndGlobalSection
EndGlobal
