
Microsoft Visual Studio Solution File, Format Version 12.00
# Visual Studio Version 16
VisualStudioVersion = 16.0.31205.134
MinimumVisualStudioVersion = 10.0.40219.1
Project("{FAE04EC0-301F-11D3-BF4B-00C04F79EFBC}") = "FigurasGeometricas", "FigurasGeometricas\FigurasGeometricas.csproj", "{175C1BAE-2DCE-444F-B070-7EE685AB226F}"
EndProject
Global
	GlobalSection(SolutionConfigurationPlatforms) = preSolution
		Debug|Any CPU = Debug|Any CPU
		Release|Any CPU = Release|Any CPU
	EndGlobalSection
	GlobalSection(ProjectConfigurationPlatforms) = postSolution
		{175C1BAE-2DCE-444F-B070-7EE685AB226F}.Debug|Any CPU.ActiveCfg = Debug|Any CPU
		{175C1BAE-2DCE-444F-B070-7EE685AB226F}.Debug|Any CPU.Build.0 = Debug|Any CPU
		{175C1BAE-2DCE-444F-B070-7EE685AB226F}.Release|Any CPU.ActiveCfg = Release|Any CPU
		{175C1BAE-2DCE-444F-B070-7EE685AB226F}.Release|Any CPU.Build.0 = Release|Any CPU
	EndGlobalSection
	GlobalSection(SolutionProperties) = preSolution
		HideSolutionNode = FALSE
	EndGlobalSection
	GlobalSection(ExtensibilityGlobals) = postSolution
		SolutionGuid = {9D4AFBBB-4B56-47A1-B96F-D49D178F20C0}
	EndGlobalSection
EndGlobal
