
Microsoft Visual Studio Solution File, Format Version 12.00
# Visual Studio Version 16
VisualStudioVersion = 16.0.31205.134
MinimumVisualStudioVersion = 10.0.40219.1
Project("{FAE04EC0-301F-11D3-BF4B-00C04F79EFBC}") = "EjercicioDelegados", "EjercicioDelegados\EjercicioDelegados.csproj", "{82874E4E-DD43-4111-8D03-7E8E726FC12F}"
EndProject
Global
	GlobalSection(SolutionConfigurationPlatforms) = preSolution
		Debug|Any CPU = Debug|Any CPU
		Release|Any CPU = Release|Any CPU
	EndGlobalSection
	GlobalSection(ProjectConfigurationPlatforms) = postSolution
		{82874E4E-DD43-4111-8D03-7E8E726FC12F}.Debug|Any CPU.ActiveCfg = Debug|Any CPU
		{82874E4E-DD43-4111-8D03-7E8E726FC12F}.Debug|Any CPU.Build.0 = Debug|Any CPU
		{82874E4E-DD43-4111-8D03-7E8E726FC12F}.Release|Any CPU.ActiveCfg = Release|Any CPU
		{82874E4E-DD43-4111-8D03-7E8E726FC12F}.Release|Any CPU.Build.0 = Release|Any CPU
	EndGlobalSection
	GlobalSection(SolutionProperties) = preSolution
		HideSolutionNode = FALSE
	EndGlobalSection
	GlobalSection(ExtensibilityGlobals) = postSolution
		SolutionGuid = {2CD947D5-A3CA-466F-B80D-98E899466A8E}
	EndGlobalSection
EndGlobal
