
Microsoft Visual Studio Solution File, Format Version 12.00
# Visual Studio Version 16
VisualStudioVersion = 16.0.31205.134
MinimumVisualStudioVersion = 10.0.40219.1
Project("{FAE04EC0-301F-11D3-BF4B-00C04F79EFBC}") = "HolaMundo", "HolaMundo\HolaMundo.csproj", "{D194175C-8CFC-4CAA-9BFC-9FC53086712E}"
EndProject
Global
	GlobalSection(SolutionConfigurationPlatforms) = preSolution
		Debug|Any CPU = Debug|Any CPU
		Release|Any CPU = Release|Any CPU
	EndGlobalSection
	GlobalSection(ProjectConfigurationPlatforms) = postSolution
		{D194175C-8CFC-4CAA-9BFC-9FC53086712E}.Debug|Any CPU.ActiveCfg = Debug|Any CPU
		{D194175C-8CFC-4CAA-9BFC-9FC53086712E}.Debug|Any CPU.Build.0 = Debug|Any CPU
		{D194175C-8CFC-4CAA-9BFC-9FC53086712E}.Release|Any CPU.ActiveCfg = Release|Any CPU
		{D194175C-8CFC-4CAA-9BFC-9FC53086712E}.Release|Any CPU.Build.0 = Release|Any CPU
	EndGlobalSection
	GlobalSection(SolutionProperties) = preSolution
		HideSolutionNode = FALSE
	EndGlobalSection
	GlobalSection(ExtensibilityGlobals) = postSolution
		SolutionGuid = {5626C384-D8BC-4F77-90DC-14929D8D6B70}
	EndGlobalSection
EndGlobal
