
Microsoft Visual Studio Solution File, Format Version 12.00
# Visual Studio Version 16
VisualStudioVersion = 16.0.31205.134
MinimumVisualStudioVersion = 10.0.40219.1
Project("{FAE04EC0-301F-11D3-BF4B-00C04F79EFBC}") = "TemasVarios", "TemasVarios\TemasVarios.csproj", "{04EFDF2D-7213-4D7E-8631-AD0356CA9AF4}"
EndProject
Global
	GlobalSection(SolutionConfigurationPlatforms) = preSolution
		Debug|Any CPU = Debug|Any CPU
		Release|Any CPU = Release|Any CPU
	EndGlobalSection
	GlobalSection(ProjectConfigurationPlatforms) = postSolution
		{04EFDF2D-7213-4D7E-8631-AD0356CA9AF4}.Debug|Any CPU.ActiveCfg = Debug|Any CPU
		{04EFDF2D-7213-4D7E-8631-AD0356CA9AF4}.Debug|Any CPU.Build.0 = Debug|Any CPU
		{04EFDF2D-7213-4D7E-8631-AD0356CA9AF4}.Release|Any CPU.ActiveCfg = Release|Any CPU
		{04EFDF2D-7213-4D7E-8631-AD0356CA9AF4}.Release|Any CPU.Build.0 = Release|Any CPU
	EndGlobalSection
	GlobalSection(SolutionProperties) = preSolution
		HideSolutionNode = FALSE
	EndGlobalSection
	GlobalSection(ExtensibilityGlobals) = postSolution
		SolutionGuid = {2581F437-D3A4-4BDC-BA17-B4EA9BE66BF5}
	EndGlobalSection
EndGlobal
