
Microsoft Visual Studio Solution File, Format Version 12.00
# Visual Studio Version 16
VisualStudioVersion = 16.0.31205.134
MinimumVisualStudioVersion = 10.0.40219.1
Project("{FAE04EC0-301F-11D3-BF4B-00C04F79EFBC}") = "Pruebas", "Pruebas\Pruebas.csproj", "{1D02E4E3-620C-4E45-8494-6B58D456F3AF}"
EndProject
Project("{FAE04EC0-301F-11D3-BF4B-00C04F79EFBC}") = "Pruebas.consola", "Pruebas.consola\Pruebas.consola.csproj", "{7AD4143E-2D80-4596-BEBD-54748B9CC3EF}"
EndProject
Global
	GlobalSection(SolutionConfigurationPlatforms) = preSolution
		Debug|Any CPU = Debug|Any CPU
		Release|Any CPU = Release|Any CPU
	EndGlobalSection
	GlobalSection(ProjectConfigurationPlatforms) = postSolution
		{1D02E4E3-620C-4E45-8494-6B58D456F3AF}.Debug|Any CPU.ActiveCfg = Debug|Any CPU
		{1D02E4E3-620C-4E45-8494-6B58D456F3AF}.Debug|Any CPU.Build.0 = Debug|Any CPU
		{1D02E4E3-620C-4E45-8494-6B58D456F3AF}.Release|Any CPU.ActiveCfg = Release|Any CPU
		{1D02E4E3-620C-4E45-8494-6B58D456F3AF}.Release|Any CPU.Build.0 = Release|Any CPU
		{7AD4143E-2D80-4596-BEBD-54748B9CC3EF}.Debug|Any CPU.ActiveCfg = Debug|Any CPU
		{7AD4143E-2D80-4596-BEBD-54748B9CC3EF}.Debug|Any CPU.Build.0 = Debug|Any CPU
		{7AD4143E-2D80-4596-BEBD-54748B9CC3EF}.Release|Any CPU.ActiveCfg = Release|Any CPU
		{7AD4143E-2D80-4596-BEBD-54748B9CC3EF}.Release|Any CPU.Build.0 = Release|Any CPU
	EndGlobalSection
	GlobalSection(SolutionProperties) = preSolution
		HideSolutionNode = FALSE
	EndGlobalSection
	GlobalSection(ExtensibilityGlobals) = postSolution
		SolutionGuid = {86C28384-4456-4155-B448-F9C28EE124C1}
	EndGlobalSection
EndGlobal
