
Microsoft Visual Studio Solution File, Format Version 12.00
# Visual Studio Version 16
VisualStudioVersion = 16.0.31205.134
MinimumVisualStudioVersion = 10.0.40219.1
Project("{FAE04EC0-301F-11D3-BF4B-00C04F79EFBC}") = "02EjercicioInteraccionUsuario", "02EjercicioInteraccionUsuario\02EjercicioInteraccionUsuario.csproj", "{AE640044-252E-4D63-9233-FB1A1D507326}"
EndProject
Global
	GlobalSection(SolutionConfigurationPlatforms) = preSolution
		Debug|Any CPU = Debug|Any CPU
		Release|Any CPU = Release|Any CPU
	EndGlobalSection
	GlobalSection(ProjectConfigurationPlatforms) = postSolution
		{AE640044-252E-4D63-9233-FB1A1D507326}.Debug|Any CPU.ActiveCfg = Debug|Any CPU
		{AE640044-252E-4D63-9233-FB1A1D507326}.Debug|Any CPU.Build.0 = Debug|Any CPU
		{AE640044-252E-4D63-9233-FB1A1D507326}.Release|Any CPU.ActiveCfg = Release|Any CPU
		{AE640044-252E-4D63-9233-FB1A1D507326}.Release|Any CPU.Build.0 = Release|Any CPU
	EndGlobalSection
	GlobalSection(SolutionProperties) = preSolution
		HideSolutionNode = FALSE
	EndGlobalSection
	GlobalSection(ExtensibilityGlobals) = postSolution
		SolutionGuid = {ECACC9F2-ABEF-4407-AF00-4A75054F17F0}
	EndGlobalSection
EndGlobal
