
Microsoft Visual Studio Solution File, Format Version 12.00
# Visual Studio Version 16
VisualStudioVersion = 16.0.31205.134
MinimumVisualStudioVersion = 10.0.40219.1
Project("{FAE04EC0-301F-11D3-BF4B-00C04F79EFBC}") = "ArreglosMultidimensionalesYMatrices", "ArreglosMultidimensionalesYMatrices\ArreglosMultidimensionalesYMatrices.csproj", "{1BBE85AA-9663-4E8F-ACAD-CED9218CCC6B}"
EndProject
Global
	GlobalSection(SolutionConfigurationPlatforms) = preSolution
		Debug|Any CPU = Debug|Any CPU
		Release|Any CPU = Release|Any CPU
	EndGlobalSection
	GlobalSection(ProjectConfigurationPlatforms) = postSolution
		{1BBE85AA-9663-4E8F-ACAD-CED9218CCC6B}.Debug|Any CPU.ActiveCfg = Debug|Any CPU
		{1BBE85AA-9663-4E8F-ACAD-CED9218CCC6B}.Debug|Any CPU.Build.0 = Debug|Any CPU
		{1BBE85AA-9663-4E8F-ACAD-CED9218CCC6B}.Release|Any CPU.ActiveCfg = Release|Any CPU
		{1BBE85AA-9663-4E8F-ACAD-CED9218CCC6B}.Release|Any CPU.Build.0 = Release|Any CPU
	EndGlobalSection
	GlobalSection(SolutionProperties) = preSolution
		HideSolutionNode = FALSE
	EndGlobalSection
	GlobalSection(ExtensibilityGlobals) = postSolution
		SolutionGuid = {85D5308F-086D-45C8-8FBB-CE2D7E5919C3}
	EndGlobalSection
EndGlobal
